
Microsoft Visual Studio Solution File, Format Version 12.00
# Visual Studio Version 16
VisualStudioVersion = 16.0.31321.278
MinimumVisualStudioVersion = 10.0.40219.1
Project("{FAE04EC0-301F-11D3-BF4B-00C04F79EFBC}") = "GridFreaks", "GridFreaks.csproj", "{4078243E-21C4-4DB3-90DA-AA5ACBFBCD30}"
EndProject
Global
	GlobalSection(SolutionConfigurationPlatforms) = preSolution
		Debug|Any CPU = Debug|Any CPU
		Release|Any CPU = Release|Any CPU
	EndGlobalSection
	GlobalSection(ProjectConfigurationPlatforms) = postSolution
		{4078243E-21C4-4DB3-90DA-AA5ACBFBCD30}.Debug|Any CPU.ActiveCfg = Debug|Any CPU
		{4078243E-21C4-4DB3-90DA-AA5ACBFBCD30}.Debug|Any CPU.Build.0 = Debug|Any CPU
		{4078243E-21C4-4DB3-90DA-AA5ACBFBCD30}.Release|Any CPU.ActiveCfg = Release|Any CPU
		{4078243E-21C4-4DB3-90DA-AA5ACBFBCD30}.Release|Any CPU.Build.0 = Release|Any CPU
	EndGlobalSection
	GlobalSection(SolutionProperties) = preSolution
		HideSolutionNode = FALSE
	EndGlobalSection
	GlobalSection(ExtensibilityGlobals) = postSolution
		SolutionGuid = {158B05F9-6738-4423-BDB1-90E509D161D8}
	EndGlobalSection
EndGlobal
